PODS:
  - CleverTap-iOS-SDK (4.2.2):
    - SDWebImage (~> 5.11)
  - CleverTapLocation (5.0.1)
  - CTNotificationContent (0.2.4)
  - CTNotificationService (0.1.5)
  - SDWebImage (5.15.8):
    - SDWebImage/Core (= 5.15.8)
  - SDWebImage/Core (5.15.8)

DEPENDENCIES:
  - CleverTap-iOS-SDK
  - CleverTapLocation
  - CTNotificationContent
  - CTNotificationService

SPEC REPOS:
  trunk:
    - CleverTap-iOS-SDK
    - CleverTapLocation
    - CTNotificationContent
    - CTNotificationService
    - SDWebImage

SPEC CHECKSUMS:
  CleverTap-iOS-SDK: 36c21b8a671d87a0f9c7b389b339d02528bbe4d7
  CleverTapLocation: 8b46645a1ba5749f19af7908a027bbeff2d8ab72
  CTNotificationContent: 1dba279204184b66fcc4d6282a9741715c0ec342
  CTNotificationService: 844eb0cf5a6260b76e05420dde49312b72c5ad7c
  SDWebImage: cb032eba469c54e0000e78bcb0a13cdde0a52798

PODFILE CHECKSUM: d72906a82520b98346e3aeb776635faa4b97930f

COCOAPODS: 1.12.1
