PODS:
  - CleverTap-iOS-SDK (7.0.1):
    - SDWebImage (~> 5.11)
  - CleverTapLocation (6.2.1)
  - CTNotificationService (0.1.7)
  - SDWebImage (5.20.0):
    - SDWebImage/Core (= 5.20.0)
  - SDWebImage/Core (5.20.0)

DEPENDENCIES:
  - CleverTap-iOS-SDK (= 7.0.1)
  - CleverTapLocation
  - CTNotificationService

SPEC REPOS:
  trunk:
    - CleverTap-iOS-SDK
    - CleverTapLocation
    - CTNotificationService
    - SDWebImage

SPEC CHECKSUMS:
  CleverTap-iOS-SDK: 7554c66e94450822e03523c288712ebb1d1b70e8
  CleverTapLocation: ab113277bcd75164e5bca7404b32314535004987
  CTNotificationService: 3eceea27cf0e28a2e14267bb706013363eb620c6
  SDWebImage: 73c6079366fea25fa4bb9640d5fb58f0893facd8

PODFILE CHECKSUM: bdb6b1d391567562ee2a70b764ce3acd4d3cf9fb

COCOAPODS: 1.15.2
