PODS:
  - CleverTap-iOS-SDK (6.1.0):
    - SDWebImage (~> 5.11)
  - CleverTapLocation (6.2.1)
  - CTNotificationService (0.1.7)
  - SDWebImage (5.19.0):
    - SDWebImage/Core (= 5.19.0)
  - SDWebImage/Core (5.19.0)

DEPENDENCIES:
  - CleverTap-iOS-SDK
  - CleverTapLocation
  - CTNotificationService

SPEC REPOS:
  trunk:
    - CleverTap-iOS-SDK
    - CleverTapLocation
    - CTNotificationService
    - SDWebImage

SPEC CHECKSUMS:
  CleverTap-iOS-SDK: 9d8d5def08d2f51a3a071831b6049ea857c35013
  CleverTapLocation: ab113277bcd75164e5bca7404b32314535004987
  CTNotificationService: 3eceea27cf0e28a2e14267bb706013363eb620c6
  SDWebImage: 981fd7e860af070920f249fd092420006014c3eb

PODFILE CHECKSUM: 3b387df7986f2b9efceafc42abfc399176ed5d30

COCOAPODS: 1.15.2
