{
  "originHash" : "7018029a5c99ce252d451ae375003784f57a9c5ecc3c30366ed94d66d40ceadc",
  "pins" : [
    {
      "identity" : "ctnotificationcontent",
      "kind" : "remoteSourceControl",
      "location" : "https://github.com/CleverTap/CTNotificationContent.git",
      "state" : {
        "revision" : "af1a253f5a206ba87a7aec2047061223b18efda9",
        "version" : "0.2.7"
      }
    }
  ],
  "version" : 3
}
