// !$*UTF8*$!
{
	archiveVersion = 1;
	classes = {
	};
	objectVersion = 56;
	objects = {

/* Begin PBXBuildFile section */
		57DED68FF6B32E13C8EBAC50 /* Pods_CTiOS_richPush.framework in Frameworks */ = {isa = PBXBuildFile; fileRef = FC72DECDBB89663BE290D830 /* Pods_CTiOS_richPush.framework */; };
		C34DF5CB162918526746074E /* Pods_CTiOS.framework in Frameworks */ = {isa = PBXBuildFile; fileRef = BC39D3CB01A6999DA95ED2A7 /* Pods_CTiOS.framework */; };
		F90B5DD12C7F0532009A3137 /* UserNotifications.framework in Frameworks */ = {isa = PBXBuildFile; fileRef = F9C5BEAC2A2F1B5D0052EDA5 /* UserNotifications.framework */; };
		F90B5DD22C7F0532009A3137 /* UserNotificationsUI.framework in Frameworks */ = {isa = PBXBuildFile; fileRef = F9C5BEAE2A2F1B5D0052EDA5 /* UserNotificationsUI.framework */; };
		F90B5DD52C7F0532009A3137 /* NotificationViewController.swift in Sources */ = {isa = PBXBuildFile; fileRef = F90B5DD42C7F0532009A3137 /* NotificationViewController.swift */; };
		F90B5DD82C7F0532009A3137 /* MainInterface.storyboard in Resources */ = {isa = PBXBuildFile; fileRef = F90B5DD62C7F0532009A3137 /* MainInterface.storyboard */; };
		F90B5DDC2C7F0532009A3137 /* richcontent.appex in Embed Foundation Extensions */ = {isa = PBXBuildFile; fileRef = F90B5DD02C7F0532009A3137 /* richcontent.appex */; settings = {ATTRIBUTES = (RemoveHeadersOnCopy, ); }; };
		F914A1902ACD7D98004D8D36 /* NotificationService.swift in Sources */ = {isa = PBXBuildFile; fileRef = F914A18F2ACD7D98004D8D36 /* NotificationService.swift */; };
		F914A1942ACD7D98004D8D36 /* richPush.appex in Embed Foundation Extensions */ = {isa = PBXBuildFile; fileRef = F914A18D2ACD7D98004D8D36 /* richPush.appex */; settings = {ATTRIBUTES = (RemoveHeadersOnCopy, ); }; };
		F932C7E62CC136FD00D6872D /* clevertap-1.png in Resources */ = {isa = PBXBuildFile; fileRef = F932C7E52CC136FD00D6872D /* clevertap-1.png */; };
		F932C7E72CC136FD00D6872D /* clevertap-1.png in Resources */ = {isa = PBXBuildFile; fileRef = F932C7E52CC136FD00D6872D /* clevertap-1.png */; };
		F932C7E82CC136FD00D6872D /* clevertap-1.png in Resources */ = {isa = PBXBuildFile; fileRef = F932C7E52CC136FD00D6872D /* clevertap-1.png */; };
		F948660D2A14B4D300763861 /* AppDelegate.swift in Sources */ = {isa = PBXBuildFile; fileRef = F948660C2A14B4D300763861 /* AppDelegate.swift */; };
		F948660F2A14B4D300763861 /* SceneDelegate.swift in Sources */ = {isa = PBXBuildFile; fileRef = F948660E2A14B4D300763861 /* SceneDelegate.swift */; };
		F94866112A14B4D300763861 /* ViewController.swift in Sources */ = {isa = PBXBuildFile; fileRef = F94866102A14B4D300763861 /* ViewController.swift */; };
		F94866142A14B4D300763861 /* Main.storyboard in Resources */ = {isa = PBXBuildFile; fileRef = F94866122A14B4D300763861 /* Main.storyboard */; };
		F94866162A14B4DA00763861 /* Assets.xcassets in Resources */ = {isa = PBXBuildFile; fileRef = F94866152A14B4DA00763861 /* Assets.xcassets */; };
		F94866192A14B4DA00763861 /* LaunchScreen.storyboard in Resources */ = {isa = PBXBuildFile; fileRef = F94866172A14B4DA00763861 /* LaunchScreen.storyboard */; };
		F956EEDB2D6731D7004E2F40 /* UnreadBadgeManager.swift in Sources */ = {isa = PBXBuildFile; fileRef = F956EEDA2D6731D7004E2F40 /* UnreadBadgeManager.swift */; };
		F98A35902C242F3000673992 /* Main.storyboard in Resources */ = {isa = PBXBuildFile; fileRef = F94866122A14B4D300763861 /* Main.storyboard */; };
		F98A35922C24338D00673992 /* clevertap-logo.png in Resources */ = {isa = PBXBuildFile; fileRef = F98A35912C24338D00673992 /* clevertap-logo.png */; };
		F98A35942C24338D00673992 /* clevertap-logo.png in Resources */ = {isa = PBXBuildFile; fileRef = F98A35912C24338D00673992 /* clevertap-logo.png */; };
		F99A209A2D40F0EE00E9E9DB /* LoginViewController.swift in Sources */ = {isa = PBXBuildFile; fileRef = F99A20992D40F0EE00E9E9DB /* LoginViewController.swift */; };
		F99A209C2D40F33B00E9E9DB /* secondView.swift in Sources */ = {isa = PBXBuildFile; fileRef = F99A209B2D40F33B00E9E9DB /* secondView.swift */; };
		F99F92E82CEDACBF00178D4F /* CTNotificationContent in Frameworks */ = {isa = PBXBuildFile; productRef = F99F92E72CEDACBF00178D4F /* CTNotificationContent */; };
		F99F92EA2CEDACC600178D4F /* CTNotificationContent in Frameworks */ = {isa = PBXBuildFile; productRef = F99F92E92CEDACC600178D4F /* CTNotificationContent */; };
		F9FF73C82D6728E000391B14 /* UnreadBadgeManager.swift in Sources */ = {isa = PBXBuildFile; fileRef = F9FF73C72D6728E000391B14 /* UnreadBadgeManager.swift */; };
/* End PBXBuildFile section */

/* Begin PBXContainerItemProxy section */
		F90B5DDA2C7F0532009A3137 /* PBXContainerItemProxy */ = {
			isa = PBXContainerItemProxy;
			containerPortal = F94866012A14B4D300763861 /* Project object */;
			proxyType = 1;
			remoteGlobalIDString = F90B5DCF2C7F0532009A3137;
			remoteInfo = richcontent;
		};
		F914A1922ACD7D98004D8D36 /* PBXContainerItemProxy */ = {
			isa = PBXContainerItemProxy;
			containerPortal = F94866012A14B4D300763861 /* Project object */;
			proxyType = 1;
			remoteGlobalIDString = F914A18C2ACD7D98004D8D36;
			remoteInfo = richPush;
		};
/* End PBXContainerItemProxy section */

/* Begin PBXCopyFilesBuildPhase section */
		F9E005D92A2E1C0700B86E43 /* Embed Foundation Extensions */ = {
			isa = PBXCopyFilesBuildPhase;
			buildActionMask = 2147483647;
			dstPath = "";
			dstSubfolderSpec = 13;
			files = (
				F90B5DDC2C7F0532009A3137 /* richcontent.appex in Embed Foundation Extensions */,
				F914A1942ACD7D98004D8D36 /* richPush.appex in Embed Foundation Extensions */,
			);
			name = "Embed Foundation Extensions";
			runOnlyForDeploymentPostprocessing = 0;
		};
/* End PBXCopyFilesBuildPhase section */

/* Begin PBXFileReference section */
		0C8021D059759140FDE092A6 /* Pods-CTiOS-richPush.release.xcconfig */ = {isa = PBXFileReference; includeInIndex = 1; lastKnownFileType = text.xcconfig; name = "Pods-CTiOS-richPush.release.xcconfig"; path = "Target Support Files/Pods-CTiOS-richPush/Pods-CTiOS-richPush.release.xcconfig"; sourceTree = "<group>"; };
		0FAC7FFC7BA797FAFBEE426C /* Pods-CTiOS-richPush.debug.xcconfig */ = {isa = PBXFileReference; includeInIndex = 1; lastKnownFileType = text.xcconfig; name = "Pods-CTiOS-richPush.debug.xcconfig"; path = "Target Support Files/Pods-CTiOS-richPush/Pods-CTiOS-richPush.debug.xcconfig"; sourceTree = "<group>"; };
		2E5BE407AE125B18E68FC7AA /* Pods-CTiOS.debug.xcconfig */ = {isa = PBXFileReference; includeInIndex = 1; lastKnownFileType = text.xcconfig; name = "Pods-CTiOS.debug.xcconfig"; path = "Target Support Files/Pods-CTiOS/Pods-CTiOS.debug.xcconfig"; sourceTree = "<group>"; };
		6758F0A9313A4D205AE14D91 /* Pods-CTiOS.release.xcconfig */ = {isa = PBXFileReference; includeInIndex = 1; lastKnownFileType = text.xcconfig; name = "Pods-CTiOS.release.xcconfig"; path = "Target Support Files/Pods-CTiOS/Pods-CTiOS.release.xcconfig"; sourceTree = "<group>"; };
		8A739071BD0C86DF9177019B /* Pods-CTiOS-notificationContent.release.xcconfig */ = {isa = PBXFileReference; includeInIndex = 1; lastKnownFileType = text.xcconfig; name = "Pods-CTiOS-notificationContent.release.xcconfig"; path = "Target Support Files/Pods-CTiOS-notificationContent/Pods-CTiOS-notificationContent.release.xcconfig"; sourceTree = "<group>"; };
		B5602B1D48B3437761C8D300 /* Pods-CTiOS-notificationContent.debug.xcconfig */ = {isa = PBXFileReference; includeInIndex = 1; lastKnownFileType = text.xcconfig; name = "Pods-CTiOS-notificationContent.debug.xcconfig"; path = "Target Support Files/Pods-CTiOS-notificationContent/Pods-CTiOS-notificationContent.debug.xcconfig"; sourceTree = "<group>"; };
		BC39D3CB01A6999DA95ED2A7 /* Pods_CTiOS.framework */ = {isa = PBXFileReference; explicitFileType = wrapper.framework; includeInIndex = 0; path = Pods_CTiOS.framework; sourceTree = BUILT_PRODUCTS_DIR; };
		CBFFE7D3630613EFC67A6FCE /* Pods_CTiOS_notificationContent.framework */ = {isa = PBXFileReference; explicitFileType = wrapper.framework; includeInIndex = 0; path = Pods_CTiOS_notificationContent.framework; sourceTree = BUILT_PRODUCTS_DIR; };
		F90B5DD02C7F0532009A3137 /* richcontent.appex */ = {isa = PBXFileReference; explicitFileType = "wrapper.app-extension"; includeInIndex = 0; path = richcontent.appex; sourceTree = BUILT_PRODUCTS_DIR; };
		F90B5DD42C7F0532009A3137 /* NotificationViewController.swift */ = {isa = PBXFileReference; lastKnownFileType = sourcecode.swift; path = NotificationViewController.swift; sourceTree = "<group>"; };
		F90B5DD72C7F0532009A3137 /* Base */ = {isa = PBXFileReference; lastKnownFileType = file.storyboard; name = Base; path = Base.lproj/MainInterface.storyboard; sourceTree = "<group>"; };
		F90B5DD92C7F0532009A3137 /* Info.plist */ = {isa = PBXFileReference; lastKnownFileType = text.plist.xml; path = Info.plist; sourceTree = "<group>"; };
		F914A18D2ACD7D98004D8D36 /* richPush.appex */ = {isa = PBXFileReference; explicitFileType = "wrapper.app-extension"; includeInIndex = 0; path = richPush.appex; sourceTree = BUILT_PRODUCTS_DIR; };
		F914A18F2ACD7D98004D8D36 /* NotificationService.swift */ = {isa = PBXFileReference; lastKnownFileType = sourcecode.swift; path = NotificationService.swift; sourceTree = "<group>"; };
		F914A1912ACD7D98004D8D36 /* Info.plist */ = {isa = PBXFileReference; lastKnownFileType = text.plist.xml; path = Info.plist; sourceTree = "<group>"; };
		F932C7E52CC136FD00D6872D /* clevertap-1.png */ = {isa = PBXFileReference; lastKnownFileType = image.png; path = "clevertap-1.png"; sourceTree = "<group>"; };
		F94866092A14B4D300763861 /* CTiOS.app */ = {isa = PBXFileReference; explicitFileType = wrapper.application; includeInIndex = 0; path = CTiOS.app; sourceTree = BUILT_PRODUCTS_DIR; };
		F948660C2A14B4D300763861 /* AppDelegate.swift */ = {isa = PBXFileReference; lastKnownFileType = sourcecode.swift; path = AppDelegate.swift; sourceTree = "<group>"; };
		F948660E2A14B4D300763861 /* SceneDelegate.swift */ = {isa = PBXFileReference; lastKnownFileType = sourcecode.swift; path = SceneDelegate.swift; sourceTree = "<group>"; };
		F94866102A14B4D300763861 /* ViewController.swift */ = {isa = PBXFileReference; lastKnownFileType = sourcecode.swift; path = ViewController.swift; sourceTree = "<group>"; usesTabs = 0; };
		F94866132A14B4D300763861 /* Base */ = {isa = PBXFileReference; lastKnownFileType = file.storyboard; name = Base; path = Base.lproj/Main.storyboard; sourceTree = "<group>"; };
		F94866152A14B4DA00763861 /* Assets.xcassets */ = {isa = PBXFileReference; lastKnownFileType = folder.assetcatalog; path = Assets.xcassets; sourceTree = "<group>"; };
		F94866182A14B4DA00763861 /* Base */ = {isa = PBXFileReference; lastKnownFileType = file.storyboard; name = Base; path = Base.lproj/LaunchScreen.storyboard; sourceTree = "<group>"; };
		F948661A2A14B4DA00763861 /* Info.plist */ = {isa = PBXFileReference; lastKnownFileType = text.plist.xml; path = Info.plist; sourceTree = "<group>"; };
		F94C3B5B2D672FE000B258AD /* richPush.entitlements */ = {isa = PBXFileReference; lastKnownFileType = text.plist.entitlements; path = richPush.entitlements; sourceTree = "<group>"; };
		F956EEDA2D6731D7004E2F40 /* UnreadBadgeManager.swift */ = {isa = PBXFileReference; lastKnownFileType = sourcecode.swift; path = UnreadBadgeManager.swift; sourceTree = "<group>"; };
		F95E7D932A1B64480097E358 /* CTiOS.entitlements */ = {isa = PBXFileReference; lastKnownFileType = text.plist.entitlements; path = CTiOS.entitlements; sourceTree = "<group>"; };
		F98A35912C24338D00673992 /* clevertap-logo.png */ = {isa = PBXFileReference; lastKnownFileType = image.png; path = "clevertap-logo.png"; sourceTree = "<group>"; };
		F99A20992D40F0EE00E9E9DB /* LoginViewController.swift */ = {isa = PBXFileReference; lastKnownFileType = sourcecode.swift; path = LoginViewController.swift; sourceTree = "<group>"; };
		F99A209B2D40F33B00E9E9DB /* secondView.swift */ = {isa = PBXFileReference; lastKnownFileType = sourcecode.swift; path = secondView.swift; sourceTree = "<group>"; };
		F9C5BEAC2A2F1B5D0052EDA5 /* UserNotifications.framework */ = {isa = PBXFileReference; lastKnownFileType = wrapper.framework; name = UserNotifications.framework; path = System/Library/Frameworks/UserNotifications.framework; sourceTree = SDKROOT; };
		F9C5BEAE2A2F1B5D0052EDA5 /* UserNotificationsUI.framework */ = {isa = PBXFileReference; lastKnownFileType = wrapper.framework; name = UserNotificationsUI.framework; path = System/Library/Frameworks/UserNotificationsUI.framework; sourceTree = SDKROOT; };
		F9FF73C72D6728E000391B14 /* UnreadBadgeManager.swift */ = {isa = PBXFileReference; lastKnownFileType = sourcecode.swift; path = UnreadBadgeManager.swift; sourceTree = "<group>"; };
		FC72DECDBB89663BE290D830 /* Pods_CTiOS_richPush.framework */ = {isa = PBXFileReference; explicitFileType = wrapper.framework; includeInIndex = 0; path = Pods_CTiOS_richPush.framework; sourceTree = BUILT_PRODUCTS_DIR; };
/* End PBXFileReference section */

/* Begin PBXFrameworksBuildPhase section */
		F90B5DCD2C7F0532009A3137 /* Frameworks */ = {
			isa = PBXFrameworksBuildPhase;
			buildActionMask = 2147483647;
			files = (
				F90B5DD22C7F0532009A3137 /* UserNotificationsUI.framework in Frameworks */,
				F99F92EA2CEDACC600178D4F /* CTNotificationContent in Frameworks */,
				F90B5DD12C7F0532009A3137 /* UserNotifications.framework in Frameworks */,
			);
			runOnlyForDeploymentPostprocessing = 0;
		};
		F914A18A2ACD7D98004D8D36 /* Frameworks */ = {
			isa = PBXFrameworksBuildPhase;
			buildActionMask = 2147483647;
			files = (
				57DED68FF6B32E13C8EBAC50 /* Pods_CTiOS_richPush.framework in Frameworks */,
			);
			runOnlyForDeploymentPostprocessing = 0;
		};
		F94866062A14B4D300763861 /* Frameworks */ = {
			isa = PBXFrameworksBuildPhase;
			buildActionMask = 2147483647;
			files = (
				F99F92E82CEDACBF00178D4F /* CTNotificationContent in Frameworks */,
				C34DF5CB162918526746074E /* Pods_CTiOS.framework in Frameworks */,
			);
			runOnlyForDeploymentPostprocessing = 0;
		};
/* End PBXFrameworksBuildPhase section */

/* Begin PBXGroup section */
		0E51F6C0245CD00C154E2CEB /* Pods */ = {
			isa = PBXGroup;
			children = (
				2E5BE407AE125B18E68FC7AA /* Pods-CTiOS.debug.xcconfig */,
				6758F0A9313A4D205AE14D91 /* Pods-CTiOS.release.xcconfig */,
				B5602B1D48B3437761C8D300 /* Pods-CTiOS-notificationContent.debug.xcconfig */,
				8A739071BD0C86DF9177019B /* Pods-CTiOS-notificationContent.release.xcconfig */,
				0FAC7FFC7BA797FAFBEE426C /* Pods-CTiOS-richPush.debug.xcconfig */,
				0C8021D059759140FDE092A6 /* Pods-CTiOS-richPush.release.xcconfig */,
			);
			path = Pods;
			sourceTree = "<group>";
		};
		E5ABA464F384EEA4F22639C3 /* Frameworks */ = {
			isa = PBXGroup;
			children = (
				F9C5BEAC2A2F1B5D0052EDA5 /* UserNotifications.framework */,
				F9C5BEAE2A2F1B5D0052EDA5 /* UserNotificationsUI.framework */,
				BC39D3CB01A6999DA95ED2A7 /* Pods_CTiOS.framework */,
				CBFFE7D3630613EFC67A6FCE /* Pods_CTiOS_notificationContent.framework */,
				FC72DECDBB89663BE290D830 /* Pods_CTiOS_richPush.framework */,
			);
			name = Frameworks;
			sourceTree = "<group>";
		};
		F90B5DD32C7F0532009A3137 /* richcontent */ = {
			isa = PBXGroup;
			children = (
				F90B5DD42C7F0532009A3137 /* NotificationViewController.swift */,
				F90B5DD62C7F0532009A3137 /* MainInterface.storyboard */,
				F90B5DD92C7F0532009A3137 /* Info.plist */,
			);
			path = richcontent;
			sourceTree = "<group>";
		};
		F914A18E2ACD7D98004D8D36 /* richPush */ = {
			isa = PBXGroup;
			children = (
				F94C3B5B2D672FE000B258AD /* richPush.entitlements */,
				F9FF73C72D6728E000391B14 /* UnreadBadgeManager.swift */,
				F914A18F2ACD7D98004D8D36 /* NotificationService.swift */,
				F914A1912ACD7D98004D8D36 /* Info.plist */,
			);
			path = richPush;
			sourceTree = "<group>";
		};
		F94866002A14B4D300763861 = {
			isa = PBXGroup;
			children = (
				F948660B2A14B4D300763861 /* CTiOS */,
				F914A18E2ACD7D98004D8D36 /* richPush */,
				F90B5DD32C7F0532009A3137 /* richcontent */,
				F948660A2A14B4D300763861 /* Products */,
				0E51F6C0245CD00C154E2CEB /* Pods */,
				E5ABA464F384EEA4F22639C3 /* Frameworks */,
			);
			sourceTree = "<group>";
		};
		F948660A2A14B4D300763861 /* Products */ = {
			isa = PBXGroup;
			children = (
				F94866092A14B4D300763861 /* CTiOS.app */,
				F914A18D2ACD7D98004D8D36 /* richPush.appex */,
				F90B5DD02C7F0532009A3137 /* richcontent.appex */,
			);
			name = Products;
			sourceTree = "<group>";
		};
		F948660B2A14B4D300763861 /* CTiOS */ = {
			isa = PBXGroup;
			children = (
				F95E7D932A1B64480097E358 /* CTiOS.entitlements */,
				F948660C2A14B4D300763861 /* AppDelegate.swift */,
				F948660E2A14B4D300763861 /* SceneDelegate.swift */,
				F94866102A14B4D300763861 /* ViewController.swift */,
				F99A20992D40F0EE00E9E9DB /* LoginViewController.swift */,
				F99A209B2D40F33B00E9E9DB /* secondView.swift */,
				F956EEDA2D6731D7004E2F40 /* UnreadBadgeManager.swift */,
				F94866122A14B4D300763861 /* Main.storyboard */,
				F94866172A14B4DA00763861 /* LaunchScreen.storyboard */,
				F94866152A14B4DA00763861 /* Assets.xcassets */,
				F948661A2A14B4DA00763861 /* Info.plist */,
				F932C7E52CC136FD00D6872D /* clevertap-1.png */,
				F98A35912C24338D00673992 /* clevertap-logo.png */,
			);
			path = CTiOS;
			sourceTree = "<group>";
		};
/* End PBXGroup section */

/* Begin PBXNativeTarget section */
		F90B5DCF2C7F0532009A3137 /* richcontent */ = {
			isa = PBXNativeTarget;
			buildConfigurationList = F90B5DDF2C7F0532009A3137 /* Build configuration list for PBXNativeTarget "richcontent" */;
			buildPhases = (
				F90B5DCC2C7F0532009A3137 /* Sources */,
				F90B5DCD2C7F0532009A3137 /* Frameworks */,
				F90B5DCE2C7F0532009A3137 /* Resources */,
			);
			buildRules = (
			);
			dependencies = (
			);
			name = richcontent;
			packageProductDependencies = (
				F99F92E92CEDACC600178D4F /* CTNotificationContent */,
			);
			productName = richcontent;
			productReference = F90B5DD02C7F0532009A3137 /* richcontent.appex */;
			productType = "com.apple.product-type.app-extension";
		};
		F914A18C2ACD7D98004D8D36 /* richPush */ = {
			isa = PBXNativeTarget;
			buildConfigurationList = F914A1952ACD7D98004D8D36 /* Build configuration list for PBXNativeTarget "richPush" */;
			buildPhases = (
				2D9A1F4E05A50324FFFE39AC /* [CP] Check Pods Manifest.lock */,
				F914A1892ACD7D98004D8D36 /* Sources */,
				F914A18A2ACD7D98004D8D36 /* Frameworks */,
				F914A18B2ACD7D98004D8D36 /* Resources */,
			);
			buildRules = (
			);
			dependencies = (
			);
			name = richPush;
			productName = richPush;
			productReference = F914A18D2ACD7D98004D8D36 /* richPush.appex */;
			productType = "com.apple.product-type.app-extension";
		};
		F94866082A14B4D300763861 /* CTiOS */ = {
			isa = PBXNativeTarget;
			buildConfigurationList = F948661D2A14B4DA00763861 /* Build configuration list for PBXNativeTarget "CTiOS" */;
			buildPhases = (
				29DAEC62AF3D789DBAD0612F /* [CP] Check Pods Manifest.lock */,
				F94866052A14B4D300763861 /* Sources */,
				F94866062A14B4D300763861 /* Frameworks */,
				F94866072A14B4D300763861 /* Resources */,
				F9E005D92A2E1C0700B86E43 /* Embed Foundation Extensions */,
				675A62CA39D0469E15747B18 /* [CP] Embed Pods Frameworks */,
			);
			buildRules = (
			);
			dependencies = (
				F914A1932ACD7D98004D8D36 /* PBXTargetDependency */,
				F90B5DDB2C7F0532009A3137 /* PBXTargetDependency */,
			);
			name = CTiOS;
			packageProductDependencies = (
				F99F92E72CEDACBF00178D4F /* CTNotificationContent */,
			);
			productName = CTiOS;
			productReference = F94866092A14B4D300763861 /* CTiOS.app */;
			productType = "com.apple.product-type.application";
		};
/* End PBXNativeTarget section */

/* Begin PBXProject section */
		F94866012A14B4D300763861 /* Project object */ = {
			isa = PBXProject;
			attributes = {
				BuildIndependentTargetsInParallel = 1;
				LastSwiftUpdateCheck = 1510;
				LastUpgradeCheck = 1510;
				TargetAttributes = {
					F90B5DCF2C7F0532009A3137 = {
						CreatedOnToolsVersion = 15.1;
					};
					F914A18C2ACD7D98004D8D36 = {
						CreatedOnToolsVersion = 15.0;
					};
					F94866082A14B4D300763861 = {
						CreatedOnToolsVersion = 14.3;
					};
				};
			};
			buildConfigurationList = F94866042A14B4D300763861 /* Build configuration list for PBXProject "CTiOS" */;
			compatibilityVersion = "Xcode 14.0";
			developmentRegion = en;
			hasScannedForEncodings = 0;
			knownRegions = (
				en,
				Base,
			);
			mainGroup = F94866002A14B4D300763861;
			packageReferences = (
				F988DE632CECB63500E9CAA8 /* XCRemoteSwiftPackageReference "CTNotificationContent" */,
			);
			productRefGroup = F948660A2A14B4D300763861 /* Products */;
			projectDirPath = "";
			projectRoot = "";
			targets = (
				F94866082A14B4D300763861 /* CTiOS */,
				F914A18C2ACD7D98004D8D36 /* richPush */,
				F90B5DCF2C7F0532009A3137 /* richcontent */,
			);
		};
/* End PBXProject section */

/* Begin PBXResourcesBuildPhase section */
		F90B5DCE2C7F0532009A3137 /* Resources */ = {
			isa = PBXResourcesBuildPhase;
			buildActionMask = 2147483647;
			files = (
				F932C7E82CC136FD00D6872D /* clevertap-1.png in Resources */,
				F90B5DD82C7F0532009A3137 /* MainInterface.storyboard in Resources */,
			);
			runOnlyForDeploymentPostprocessing = 0;
		};
		F914A18B2ACD7D98004D8D36 /* Resources */ = {
			isa = PBXResourcesBuildPhase;
			buildActionMask = 2147483647;
			files = (
				F98A35942C24338D00673992 /* clevertap-logo.png in Resources */,
				F98A35902C242F3000673992 /* Main.storyboard in Resources */,
				F932C7E72CC136FD00D6872D /* clevertap-1.png in Resources */,
			);
			runOnlyForDeploymentPostprocessing = 0;
		};
		F94866072A14B4D300763861 /* Resources */ = {
			isa = PBXResourcesBuildPhase;
			buildActionMask = 2147483647;
			files = (
				F94866192A14B4DA00763861 /* LaunchScreen.storyboard in Resources */,
				F94866162A14B4DA00763861 /* Assets.xcassets in Resources */,
				F94866142A14B4D300763861 /* Main.storyboard in Resources */,
				F932C7E62CC136FD00D6872D /* clevertap-1.png in Resources */,
				F98A35922C24338D00673992 /* clevertap-logo.png in Resources */,
			);
			runOnlyForDeploymentPostprocessing = 0;
		};
/* End PBXResourcesBuildPhase section */

/* Begin PBXShellScriptBuildPhase section */
		29DAEC62AF3D789DBAD0612F /* [CP] Check Pods Manifest.lock */ = {
			isa = PBXShellScriptBuildPhase;
			buildActionMask = 2147483647;
			files = (
			);
			inputFileListPaths = (
			);
			inputPaths = (
				"${PODS_PODFILE_DIR_PATH}/Podfile.lock",
				"${PODS_ROOT}/Manifest.lock",
			);
			name = "[CP] Check Pods Manifest.lock";
			outputFileListPaths = (
			);
			outputPaths = (
				"$(DERIVED_FILE_DIR)/Pods-CTiOS-checkManifestLockResult.txt",
			);
			runOnlyForDeploymentPostprocessing = 0;
			shellPath = /bin/sh;
			shellScript = "diff \"${PODS_PODFILE_DIR_PATH}/Podfile.lock\" \"${PODS_ROOT}/Manifest.lock\" > /dev/null\nif [ $? != 0 ] ; then\n    # print error to STDERR\n    echo \"error: The sandbox is not in sync with the Podfile.lock. Run 'pod install' or update your CocoaPods installation.\" >&2\n    exit 1\nfi\n# This output is used by Xcode 'outputs' to avoid re-running this script phase.\necho \"SUCCESS\" > \"${SCRIPT_OUTPUT_FILE_0}\"\n";
			showEnvVarsInLog = 0;
		};
		2D9A1F4E05A50324FFFE39AC /* [CP] Check Pods Manifest.lock */ = {
			isa = PBXShellScriptBuildPhase;
			buildActionMask = 2147483647;
			files = (
			);
			inputFileListPaths = (
			);
			inputPaths = (
				"${PODS_PODFILE_DIR_PATH}/Podfile.lock",
				"${PODS_ROOT}/Manifest.lock",
			);
			name = "[CP] Check Pods Manifest.lock";
			outputFileListPaths = (
			);
			outputPaths = (
				"$(DERIVED_FILE_DIR)/Pods-CTiOS-richPush-checkManifestLockResult.txt",
			);
			runOnlyForDeploymentPostprocessing = 0;
			shellPath = /bin/sh;
			shellScript = "diff \"${PODS_PODFILE_DIR_PATH}/Podfile.lock\" \"${PODS_ROOT}/Manifest.lock\" > /dev/null\nif [ $? != 0 ] ; then\n    # print error to STDERR\n    echo \"error: The sandbox is not in sync with the Podfile.lock. Run 'pod install' or update your CocoaPods installation.\" >&2\n    exit 1\nfi\n# This output is used by Xcode 'outputs' to avoid re-running this script phase.\necho \"SUCCESS\" > \"${SCRIPT_OUTPUT_FILE_0}\"\n";
			showEnvVarsInLog = 0;
		};
		675A62CA39D0469E15747B18 /* [CP] Embed Pods Frameworks */ = {
			isa = PBXShellScriptBuildPhase;
			buildActionMask = 2147483647;
			files = (
			);
			inputFileListPaths = (
				"${PODS_ROOT}/Target Support Files/Pods-CTiOS/Pods-CTiOS-frameworks-${CONFIGURATION}-input-files.xcfilelist",
			);
			name = "[CP] Embed Pods Frameworks";
			outputFileListPaths = (
				"${PODS_ROOT}/Target Support Files/Pods-CTiOS/Pods-CTiOS-frameworks-${CONFIGURATION}-output-files.xcfilelist",
			);
			runOnlyForDeploymentPostprocessing = 0;
			shellPath = /bin/sh;
			shellScript = "\"${PODS_ROOT}/Target Support Files/Pods-CTiOS/Pods-CTiOS-frameworks.sh\"\n";
			showEnvVarsInLog = 0;
		};
/* End PBXShellScriptBuildPhase section */

/* Begin PBXSourcesBuildPhase section */
		F90B5DCC2C7F0532009A3137 /* Sources */ = {
			isa = PBXSourcesBuildPhase;
			buildActionMask = 2147483647;
			files = (
				F90B5DD52C7F0532009A3137 /* NotificationViewController.swift in Sources */,
			);
			runOnlyForDeploymentPostprocessing = 0;
		};
		F914A1892ACD7D98004D8D36 /* Sources */ = {
			isa = PBXSourcesBuildPhase;
			buildActionMask = 2147483647;
			files = (
				F9FF73C82D6728E000391B14 /* UnreadBadgeManager.swift in Sources */,
				F914A1902ACD7D98004D8D36 /* NotificationService.swift in Sources */,
			);
			runOnlyForDeploymentPostprocessing = 0;
		};
		F94866052A14B4D300763861 /* Sources */ = {
			isa = PBXSourcesBuildPhase;
			buildActionMask = 2147483647;
			files = (
				F94866112A14B4D300763861 /* ViewController.swift in Sources */,
				F99A209C2D40F33B00E9E9DB /* secondView.swift in Sources */,
				F956EEDB2D6731D7004E2F40 /* UnreadBadgeManager.swift in Sources */,
				F948660D2A14B4D300763861 /* AppDelegate.swift in Sources */,
				F948660F2A14B4D300763861 /* SceneDelegate.swift in Sources */,
				F99A209A2D40F0EE00E9E9DB /* LoginViewController.swift in Sources */,
			);
			runOnlyForDeploymentPostprocessing = 0;
		};
/* End PBXSourcesBuildPhase section */

/* Begin PBXTargetDependency section */
		F90B5DDB2C7F0532009A3137 /* PBXTargetDependency */ = {
			isa = PBXTargetDependency;
			target = F90B5DCF2C7F0532009A3137 /* richcontent */;
			targetProxy = F90B5DDA2C7F0532009A3137 /* PBXContainerItemProxy */;
		};
		F914A1932ACD7D98004D8D36 /* PBXTargetDependency */ = {
			isa = PBXTargetDependency;
			target = F914A18C2ACD7D98004D8D36 /* richPush */;
			targetProxy = F914A1922ACD7D98004D8D36 /* PBXContainerItemProxy */;
		};
/* End PBXTargetDependency section */

/* Begin PBXVariantGroup section */
		F90B5DD62C7F0532009A3137 /* MainInterface.storyboard */ = {
			isa = PBXVariantGroup;
			children = (
				F90B5DD72C7F0532009A3137 /* Base */,
			);
			name = MainInterface.storyboard;
			sourceTree = "<group>";
		};
		F94866122A14B4D300763861 /* Main.storyboard */ = {
			isa = PBXVariantGroup;
			children = (
				F94866132A14B4D300763861 /* Base */,
			);
			name = Main.storyboard;
			sourceTree = "<group>";
		};
		F94866172A14B4DA00763861 /* LaunchScreen.storyboard */ = {
			isa = PBXVariantGroup;
			children = (
				F94866182A14B4DA00763861 /* Base */,
			);
			name = LaunchScreen.storyboard;
			sourceTree = "<group>";
		};
/* End PBXVariantGroup section */

/* Begin XCBuildConfiguration section */
		F90B5DDD2C7F0532009A3137 /* Debug */ = {
			isa = XCBuildConfiguration;
			buildSettings = {
				CODE_SIGN_STYLE = Automatic;
				CURRENT_PROJECT_VERSION = 1;
				DEVELOPMENT_TEAM = 6MY4LZCCZA;
				ENABLE_USER_SCRIPT_SANDBOXING = YES;
				GCC_C_LANGUAGE_STANDARD = gnu17;
				GENERATE_INFOPLIST_FILE = YES;
				INFOPLIST_FILE = richcontent/Info.plist;
				INFOPLIST_KEY_CFBundleDisplayName = richcontent;
				INFOPLIST_KEY_NSHumanReadableCopyright = "";
				IPHONEOS_DEPLOYMENT_TARGET = 17.2;
				LD_RUNPATH_SEARCH_PATHS = (
					"$(inherited)",
					"@executable_path/Frameworks",
					"@executable_path/../../Frameworks",
				);
				LOCALIZATION_PREFERS_STRING_CATALOGS = YES;
				MARKETING_VERSION = 1.0;
				PRODUCT_BUNDLE_IDENTIFIER = com.clevertap.CTiOS.richcontent;
				PRODUCT_NAME = "$(TARGET_NAME)";
				SKIP_INSTALL = YES;
				SWIFT_ACTIVE_COMPILATION_CONDITIONS = "DEBUG $(inherited)";
				SWIFT_EMIT_LOC_STRINGS = YES;
				SWIFT_VERSION = 5.0;
				TARGETED_DEVICE_FAMILY = "1,2";
			};
			name = Debug;
		};
		F90B5DDE2C7F0532009A3137 /* Release */ = {
			isa = XCBuildConfiguration;
			buildSettings = {
				CODE_SIGN_STYLE = Automatic;
				CURRENT_PROJECT_VERSION = 1;
				DEVELOPMENT_TEAM = 6MY4LZCCZA;
				ENABLE_USER_SCRIPT_SANDBOXING = YES;
				GCC_C_LANGUAGE_STANDARD = gnu17;
				GENERATE_INFOPLIST_FILE = YES;
				INFOPLIST_FILE = richcontent/Info.plist;
				INFOPLIST_KEY_CFBundleDisplayName = richcontent;
				INFOPLIST_KEY_NSHumanReadableCopyright = "";
				IPHONEOS_DEPLOYMENT_TARGET = 17.2;
				LD_RUNPATH_SEARCH_PATHS = (
					"$(inherited)",
					"@executable_path/Frameworks",
					"@executable_path/../../Frameworks",
				);
				LOCALIZATION_PREFERS_STRING_CATALOGS = YES;
				MARKETING_VERSION = 1.0;
				PRODUCT_BUNDLE_IDENTIFIER = com.clevertap.CTiOS.richcontent;
				PRODUCT_NAME = "$(TARGET_NAME)";
				SKIP_INSTALL = YES;
				SWIFT_EMIT_LOC_STRINGS = YES;
				SWIFT_VERSION = 5.0;
				TARGETED_DEVICE_FAMILY = "1,2";
			};
			name = Release;
		};
		F914A1962ACD7D98004D8D36 /* Debug */ = {
			isa = XCBuildConfiguration;
			baseConfigurationReference = 0FAC7FFC7BA797FAFBEE426C /* Pods-CTiOS-richPush.debug.xcconfig */;
			buildSettings = {
				ASSETCATALOG_COMPILER_GENERATE_SWIFT_ASSET_SYMBOL_EXTENSIONS = YES;
				CODE_SIGN_ENTITLEMENTS = richPush/richPush.entitlements;
				CODE_SIGN_STYLE = Automatic;
				CURRENT_PROJECT_VERSION = 1;
				DEVELOPMENT_TEAM = 6MY4LZCCZA;
				ENABLE_USER_SCRIPT_SANDBOXING = YES;
				GCC_C_LANGUAGE_STANDARD = gnu17;
				GENERATE_INFOPLIST_FILE = YES;
				INFOPLIST_FILE = richPush/Info.plist;
				INFOPLIST_KEY_CFBundleDisplayName = richPush;
				INFOPLIST_KEY_NSHumanReadableCopyright = "";
				IPHONEOS_DEPLOYMENT_TARGET = 17.2;
				LD_RUNPATH_SEARCH_PATHS = (
					"$(inherited)",
					"@executable_path/Frameworks",
					"@executable_path/../../Frameworks",
				);
				LOCALIZATION_PREFERS_STRING_CATALOGS = YES;
				MARKETING_VERSION = 1.0;
				PRODUCT_BUNDLE_IDENTIFIER = com.clevertap.CTiOS.richPush;
				PRODUCT_NAME = "$(TARGET_NAME)";
				SKIP_INSTALL = YES;
				SWIFT_ACTIVE_COMPILATION_CONDITIONS = "DEBUG $(inherited)";
				SWIFT_EMIT_LOC_STRINGS = YES;
				SWIFT_VERSION = 5.0;
				TARGETED_DEVICE_FAMILY = "1,2";
			};
			name = Debug;
		};
		F914A1972ACD7D98004D8D36 /* Release */ = {
			isa = XCBuildConfiguration;
			baseConfigurationReference = 0C8021D059759140FDE092A6 /* Pods-CTiOS-richPush.release.xcconfig */;
			buildSettings = {
				ASSETCATALOG_COMPILER_GENERATE_SWIFT_ASSET_SYMBOL_EXTENSIONS = YES;
				CODE_SIGN_ENTITLEMENTS = richPush/richPush.entitlements;
				CODE_SIGN_STYLE = Automatic;
				CURRENT_PROJECT_VERSION = 1;
				DEVELOPMENT_TEAM = 6MY4LZCCZA;
				ENABLE_USER_SCRIPT_SANDBOXING = YES;
				GCC_C_LANGUAGE_STANDARD = gnu17;
				GENERATE_INFOPLIST_FILE = YES;
				INFOPLIST_FILE = richPush/Info.plist;
				INFOPLIST_KEY_CFBundleDisplayName = richPush;
				INFOPLIST_KEY_NSHumanReadableCopyright = "";
				IPHONEOS_DEPLOYMENT_TARGET = 17.2;
				LD_RUNPATH_SEARCH_PATHS = (
					"$(inherited)",
					"@executable_path/Frameworks",
					"@executable_path/../../Frameworks",
				);
				LOCALIZATION_PREFERS_STRING_CATALOGS = YES;
				MARKETING_VERSION = 1.0;
				PRODUCT_BUNDLE_IDENTIFIER = com.clevertap.CTiOS.richPush;
				PRODUCT_NAME = "$(TARGET_NAME)";
				SKIP_INSTALL = YES;
				SWIFT_EMIT_LOC_STRINGS = YES;
				SWIFT_VERSION = 5.0;
				TARGETED_DEVICE_FAMILY = "1,2";
			};
			name = Release;
		};
		F948661B2A14B4DA00763861 /* Debug */ = {
			isa = XCBuildConfiguration;
			buildSettings = {
				ALWAYS_SEARCH_USER_PATHS = NO;
				ASSETCATALOG_COMPILER_GENERATE_SWIFT_ASSET_SYMBOL_EXTENSIONS = YES;
				CLANG_ANALYZER_NONNULL = YES;
				CLANG_ANALYZER_NUMBER_OBJECT_CONVERSION = YES_AGGRESSIVE;
				CLANG_CXX_LANGUAGE_STANDARD = "gnu++20";
				CLANG_ENABLE_MODULES = YES;
				CLANG_ENABLE_OBJC_ARC = YES;
				CLANG_ENABLE_OBJC_WEAK = YES;
				CLANG_WARN_BLOCK_CAPTURE_AUTORELEASING = YES;
				CLANG_WARN_BOOL_CONVERSION = YES;
				CLANG_WARN_COMMA = YES;
				CLANG_WARN_CONSTANT_CONVERSION = YES;
				CLANG_WARN_DEPRECATED_OBJC_IMPLEMENTATIONS = YES;
				CLANG_WARN_DIRECT_OBJC_ISA_USAGE = YES_ERROR;
				CLANG_WARN_DOCUMENTATION_COMMENTS = YES;
				CLANG_WARN_EMPTY_BODY = YES;
				CLANG_WARN_ENUM_CONVERSION = YES;
				CLANG_WARN_INFINITE_RECURSION = YES;
				CLANG_WARN_INT_CONVERSION = YES;
				CLANG_WARN_NON_LITERAL_NULL_CONVERSION = YES;
				CLANG_WARN_OBJC_IMPLICIT_RETAIN_SELF = YES;
				CLANG_WARN_OBJC_LITERAL_CONVERSION = YES;
				CLANG_WARN_OBJC_ROOT_CLASS = YES_ERROR;
				CLANG_WARN_QUOTED_INCLUDE_IN_FRAMEWORK_HEADER = YES;
				CLANG_WARN_RANGE_LOOP_ANALYSIS = YES;
				CLANG_WARN_STRICT_PROTOTYPES = YES;
				CLANG_WARN_SUSPICIOUS_MOVE = YES;
				CLANG_WARN_UNGUARDED_AVAILABILITY = YES_AGGRESSIVE;
				CLANG_WARN_UNREACHABLE_CODE = YES;
				CLANG_WARN__DUPLICATE_METHOD_MATCH = YES;
				COPY_PHASE_STRIP = NO;
				DEBUG_INFORMATION_FORMAT = dwarf;
				ENABLE_STRICT_OBJC_MSGSEND = YES;
				ENABLE_TESTABILITY = YES;
				GCC_C_LANGUAGE_STANDARD = gnu11;
				GCC_DYNAMIC_NO_PIC = NO;
				GCC_NO_COMMON_BLOCKS = YES;
				GCC_OPTIMIZATION_LEVEL = 0;
				GCC_PREPROCESSOR_DEFINITIONS = (
					"DEBUG=1",
					"$(inherited)",
				);
				GCC_WARN_64_TO_32_BIT_CONVERSION = YES;
				GCC_WARN_ABOUT_RETURN_TYPE = YES_ERROR;
				GCC_WARN_UNDECLARED_SELECTOR = YES;
				GCC_WARN_UNINITIALIZED_AUTOS = YES_AGGRESSIVE;
				GCC_WARN_UNUSED_FUNCTION = YES;
				GCC_WARN_UNUSED_VARIABLE = YES;
				IPHONEOS_DEPLOYMENT_TARGET = 16.4;
				MTL_ENABLE_DEBUG_INFO = INCLUDE_SOURCE;
				MTL_FAST_MATH = YES;
				ONLY_ACTIVE_ARCH = YES;
				SDKROOT = iphoneos;
				SWIFT_ACTIVE_COMPILATION_CONDITIONS = DEBUG;
				SWIFT_OPTIMIZATION_LEVEL = "-Onone";
			};
			name = Debug;
		};
		F948661C2A14B4DA00763861 /* Release */ = {
			isa = XCBuildConfiguration;
			buildSettings = {
				ALWAYS_SEARCH_USER_PATHS = NO;
				ASSETCATALOG_COMPILER_GENERATE_SWIFT_ASSET_SYMBOL_EXTENSIONS = YES;
				CLANG_ANALYZER_NONNULL = YES;
				CLANG_ANALYZER_NUMBER_OBJECT_CONVERSION = YES_AGGRESSIVE;
				CLANG_CXX_LANGUAGE_STANDARD = "gnu++20";
				CLANG_ENABLE_MODULES = YES;
				CLANG_ENABLE_OBJC_ARC = YES;
				CLANG_ENABLE_OBJC_WEAK = YES;
				CLANG_WARN_BLOCK_CAPTURE_AUTORELEASING = YES;
				CLANG_WARN_BOOL_CONVERSION = YES;
				CLANG_WARN_COMMA = YES;
				CLANG_WARN_CONSTANT_CONVERSION = YES;
				CLANG_WARN_DEPRECATED_OBJC_IMPLEMENTATIONS = YES;
				CLANG_WARN_DIRECT_OBJC_ISA_USAGE = YES_ERROR;
				CLANG_WARN_DOCUMENTATION_COMMENTS = YES;
				CLANG_WARN_EMPTY_BODY = YES;
				CLANG_WARN_ENUM_CONVERSION = YES;
				CLANG_WARN_INFINITE_RECURSION = YES;
				CLANG_WARN_INT_CONVERSION = YES;
				CLANG_WARN_NON_LITERAL_NULL_CONVERSION = YES;
				CLANG_WARN_OBJC_IMPLICIT_RETAIN_SELF = YES;
				CLANG_WARN_OBJC_LITERAL_CONVERSION = YES;
				CLANG_WARN_OBJC_ROOT_CLASS = YES_ERROR;
				CLANG_WARN_QUOTED_INCLUDE_IN_FRAMEWORK_HEADER = YES;
				CLANG_WARN_RANGE_LOOP_ANALYSIS = YES;
				CLANG_WARN_STRICT_PROTOTYPES = YES;
				CLANG_WARN_SUSPICIOUS_MOVE = YES;
				CLANG_WARN_UNGUARDED_AVAILABILITY = YES_AGGRESSIVE;
				CLANG_WARN_UNREACHABLE_CODE = YES;
				CLANG_WARN__DUPLICATE_METHOD_MATCH = YES;
				COPY_PHASE_STRIP = NO;
				DEBUG_INFORMATION_FORMAT = "dwarf-with-dsym";
				ENABLE_NS_ASSERTIONS = NO;
				ENABLE_STRICT_OBJC_MSGSEND = YES;
				GCC_C_LANGUAGE_STANDARD = gnu11;
				GCC_NO_COMMON_BLOCKS = YES;
				GCC_WARN_64_TO_32_BIT_CONVERSION = YES;
				GCC_WARN_ABOUT_RETURN_TYPE = YES_ERROR;
				GCC_WARN_UNDECLARED_SELECTOR = YES;
				GCC_WARN_UNINITIALIZED_AUTOS = YES_AGGRESSIVE;
				GCC_WARN_UNUSED_FUNCTION = YES;
				GCC_WARN_UNUSED_VARIABLE = YES;
				IPHONEOS_DEPLOYMENT_TARGET = 16.4;
				MTL_ENABLE_DEBUG_INFO = NO;
				MTL_FAST_MATH = YES;
				SDKROOT = iphoneos;
				SWIFT_COMPILATION_MODE = wholemodule;
				SWIFT_OPTIMIZATION_LEVEL = "-O";
				VALIDATE_PRODUCT = YES;
			};
			name = Release;
		};
		F948661E2A14B4DA00763861 /* Debug */ = {
			isa = XCBuildConfiguration;
			baseConfigurationReference = 2E5BE407AE125B18E68FC7AA /* Pods-CTiOS.debug.xcconfig */;
			buildSettings = {
				ALWAYS_EMBED_SWIFT_STANDARD_LIBRARIES = YES;
				ASSETCATALOG_COMPILER_APPICON_NAME = AppIcon;
				ASSETCATALOG_COMPILER_GLOBAL_ACCENT_COLOR_NAME = AccentColor;
				CODE_SIGN_ENTITLEMENTS = CTiOS/CTiOS.entitlements;
				CODE_SIGN_STYLE = Automatic;
				CURRENT_PROJECT_VERSION = 1;
				DEVELOPMENT_TEAM = 6MY4LZCCZA;
				GENERATE_INFOPLIST_FILE = YES;
				INFOPLIST_FILE = CTiOS/Info.plist;
				INFOPLIST_KEY_UIApplicationSupportsIndirectInputEvents = YES;
				INFOPLIST_KEY_UILaunchStoryboardName = LaunchScreen;
				INFOPLIST_KEY_UIMainStoryboardFile = Main;
				INFOPLIST_KEY_UISupportedInterfaceOrientations_iPad = "UIInterfaceOrientationPortrait UIInterfaceOrientationPortraitUpsideDown UIInterfaceOrientationLandscapeLeft UIInterfaceOrientationLandscapeRight";
				INFOPLIST_KEY_UISupportedInterfaceOrientations_iPhone = "UIInterfaceOrientationPortrait UIInterfaceOrientationLandscapeLeft UIInterfaceOrientationLandscapeRight";
				IPHONEOS_DEPLOYMENT_TARGET = 17.2;
				LD_RUNPATH_SEARCH_PATHS = (
					"$(inherited)",
					"@executable_path/Frameworks",
				);
				MARKETING_VERSION = 1.0;
				PRODUCT_BUNDLE_IDENTIFIER = com.clevertap.CTiOS;
				PRODUCT_NAME = "$(TARGET_NAME)";
				SWIFT_EMIT_LOC_STRINGS = YES;
				SWIFT_VERSION = 5.0;
				TARGETED_DEVICE_FAMILY = "1,2";
			};
			name = Debug;
		};
		F948661F2A14B4DA00763861 /* Release */ = {
			isa = XCBuildConfiguration;
			baseConfigurationReference = 6758F0A9313A4D205AE14D91 /* Pods-CTiOS.release.xcconfig */;
			buildSettings = {
				ALWAYS_EMBED_SWIFT_STANDARD_LIBRARIES = YES;
				ASSETCATALOG_COMPILER_APPICON_NAME = AppIcon;
				ASSETCATALOG_COMPILER_GLOBAL_ACCENT_COLOR_NAME = AccentColor;
				CODE_SIGN_ENTITLEMENTS = CTiOS/CTiOS.entitlements;
				CODE_SIGN_STYLE = Automatic;
				CURRENT_PROJECT_VERSION = 1;
				DEVELOPMENT_TEAM = 6MY4LZCCZA;
				GENERATE_INFOPLIST_FILE = YES;
				INFOPLIST_FILE = CTiOS/Info.plist;
				INFOPLIST_KEY_UIApplicationSupportsIndirectInputEvents = YES;
				INFOPLIST_KEY_UILaunchStoryboardName = LaunchScreen;
				INFOPLIST_KEY_UIMainStoryboardFile = Main;
				INFOPLIST_KEY_UISupportedInterfaceOrientations_iPad = "UIInterfaceOrientationPortrait UIInterfaceOrientationPortraitUpsideDown UIInterfaceOrientationLandscapeLeft UIInterfaceOrientationLandscapeRight";
				INFOPLIST_KEY_UISupportedInterfaceOrientations_iPhone = "UIInterfaceOrientationPortrait UIInterfaceOrientationLandscapeLeft UIInterfaceOrientationLandscapeRight";
				IPHONEOS_DEPLOYMENT_TARGET = 17.2;
				LD_RUNPATH_SEARCH_PATHS = (
					"$(inherited)",
					"@executable_path/Frameworks",
				);
				MARKETING_VERSION = 1.0;
				PRODUCT_BUNDLE_IDENTIFIER = com.clevertap.CTiOS;
				PRODUCT_NAME = "$(TARGET_NAME)";
				SWIFT_EMIT_LOC_STRINGS = YES;
				SWIFT_VERSION = 5.0;
				TARGETED_DEVICE_FAMILY = "1,2";
			};
			name = Release;
		};
/* End XCBuildConfiguration section */

/* Begin XCConfigurationList section */
		F90B5DDF2C7F0532009A3137 /* Build configuration list for PBXNativeTarget "richcontent" */ = {
			isa = XCConfigurationList;
			buildConfigurations = (
				F90B5DDD2C7F0532009A3137 /* Debug */,
				F90B5DDE2C7F0532009A3137 /* Release */,
			);
			defaultConfigurationIsVisible = 0;
			defaultConfigurationName = Release;
		};
		F914A1952ACD7D98004D8D36 /* Build configuration list for PBXNativeTarget "richPush" */ = {
			isa = XCConfigurationList;
			buildConfigurations = (
				F914A1962ACD7D98004D8D36 /* Debug */,
				F914A1972ACD7D98004D8D36 /* Release */,
			);
			defaultConfigurationIsVisible = 0;
			defaultConfigurationName = Release;
		};
		F94866042A14B4D300763861 /* Build configuration list for PBXProject "CTiOS" */ = {
			isa = XCConfigurationList;
			buildConfigurations = (
				F948661B2A14B4DA00763861 /* Debug */,
				F948661C2A14B4DA00763861 /* Release */,
			);
			defaultConfigurationIsVisible = 0;
			defaultConfigurationName = Release;
		};
		F948661D2A14B4DA00763861 /* Build configuration list for PBXNativeTarget "CTiOS" */ = {
			isa = XCConfigurationList;
			buildConfigurations = (
				F948661E2A14B4DA00763861 /* Debug */,
				F948661F2A14B4DA00763861 /* Release */,
			);
			defaultConfigurationIsVisible = 0;
			defaultConfigurationName = Release;
		};
/* End XCConfigurationList section */

/* Begin XCRemoteSwiftPackageReference section */
		F988DE632CECB63500E9CAA8 /* XCRemoteSwiftPackageReference "CTNotificationContent" */ = {
			isa = XCRemoteSwiftPackageReference;
			repositoryURL = "https://github.com/CleverTap/CTNotificationContent.git";
			requirement = {
				kind = upToNextMajorVersion;
				minimumVersion = 0.2.7;
			};
		};
/* End XCRemoteSwiftPackageReference section */

/* Begin XCSwiftPackageProductDependency section */
		F99F92E72CEDACBF00178D4F /* CTNotificationContent */ = {
			isa = XCSwiftPackageProductDependency;
			package = F988DE632CECB63500E9CAA8 /* XCRemoteSwiftPackageReference "CTNotificationContent" */;
			productName = CTNotificationContent;
		};
		F99F92E92CEDACC600178D4F /* CTNotificationContent */ = {
			isa = XCSwiftPackageProductDependency;
			package = F988DE632CECB63500E9CAA8 /* XCRemoteSwiftPackageReference "CTNotificationContent" */;
			productName = CTNotificationContent;
		};
/* End XCSwiftPackageProductDependency section */
	};
	rootObject = F94866012A14B4D300763861 /* Project object */;
}
